
Microsoft Visual Studio Solution File, Format Version 12.00
# Visual Studio Version 17
VisualStudioVersion = 17.5.33424.131
MinimumVisualStudioVersion = 10.0.40219.1
Project("{FAE04EC0-301F-11D3-BF4B-00C04F79EFBC}") = "AppWeb_progetto", "AppWeb_progetto\AppWeb_progetto.csproj", "{3526A9AD-1A7B-441F-9971-EE620C122756}"
EndProject
Global
	GlobalSection(SolutionConfigurationPlatforms) = preSolution
		Debug|Any CPU = Debug|Any CPU
		Release|Any CPU = Release|Any CPU
	EndGlobalSection
	GlobalSection(ProjectConfigurationPlatforms) = postSolution
		{3526A9AD-1A7B-441F-9971-EE620C122756}.Debug|Any CPU.ActiveCfg = Debug|Any CPU
		{3526A9AD-1A7B-441F-9971-EE620C122756}.Debug|Any CPU.Build.0 = Debug|Any CPU
		{3526A9AD-1A7B-441F-9971-EE620C122756}.Release|Any CPU.ActiveCfg = Release|Any CPU
		{3526A9AD-1A7B-441F-9971-EE620C122756}.Release|Any CPU.Build.0 = Release|Any CPU
	EndGlobalSection
	GlobalSection(SolutionProperties) = preSolution
		HideSolutionNode = FALSE
	EndGlobalSection
	GlobalSection(ExtensibilityGlobals) = postSolution
		SolutionGuid = {23CF2C83-4647-4D0F-91DE-B58F0A5BAA4C}
	EndGlobalSection
EndGlobal
